// !$*UTF8*$!
{
	archiveVersion = 1;
	classes = {
	};
	objectVersion = 56;
	objects = {

/* Begin PBXBuildFile section */
		6775D48D2C3C310300CCD4F6 /* AppDelegate.swift in Sources */ = {isa = PBXBuildFile; fileRef = 6775D48C2C3C310300CCD4F6 /* AppDelegate.swift */; };
		6775D48F2C3C310300CCD4F6 /* SceneDelegate.swift in Sources */ = {isa = PBXBuildFile; fileRef = 6775D48E2C3C310300CCD4F6 /* SceneDelegate.swift */; };
		6775D4912C3C310300CCD4F6 /* MainViewController.swift in Sources */ = {isa = PBXBuildFile; fileRef = 6775D4902C3C310300CCD4F6 /* MainViewController.swift */; };
		6775D4972C3C310300CCD4F6 /* FinanceTrackerApp.xcdatamodeld in Sources */ = {isa = PBXBuildFile; fileRef = 6775D4952C3C310300CCD4F6 /* FinanceTrackerApp.xcdatamodeld */; };
		6775D4992C3C310500CCD4F6 /* Assets.xcassets in Resources */ = {isa = PBXBuildFile; fileRef = 6775D4982C3C310500CCD4F6 /* Assets.xcassets */; };
		6775D49C2C3C310500CCD4F6 /* LaunchScreen.storyboard in Resources */ = {isa = PBXBuildFile; fileRef = 6775D49A2C3C310500CCD4F6 /* LaunchScreen.storyboard */; };
		6775D4A42C3D332A00CCD4F6 /* AddTransactionViewController.swift in Sources */ = {isa = PBXBuildFile; fileRef = 6775D4A32C3D332A00CCD4F6 /* AddTransactionViewController.swift */; };
		6775D4A92C3D33C200CCD4F6 /* AddTransactionViewModel.swift in Sources */ = {isa = PBXBuildFile; fileRef = 6775D4A82C3D33C200CCD4F6 /* AddTransactionViewModel.swift */; };
		6775D4AC2C3D33E000CCD4F6 /* MainViewModel.swift in Sources */ = {isa = PBXBuildFile; fileRef = 6775D4AB2C3D33E000CCD4F6 /* MainViewModel.swift */; };
		6775D4B02C3D369500CCD4F6 /* TransactionCell.swift in Sources */ = {isa = PBXBuildFile; fileRef = 6775D4AF2C3D369500CCD4F6 /* TransactionCell.swift */; };
		6775D4B42C3D39AC00CCD4F6 /* swiftgen.yml in Resources */ = {isa = PBXBuildFile; fileRef = 6775D4B32C3D39AC00CCD4F6 /* swiftgen.yml */; };
		6775D4B62C3D39DB00CCD4F6 /* Localizable.strings in Resources */ = {isa = PBXBuildFile; fileRef = 6775D4B52C3D39DB00CCD4F6 /* Localizable.strings */; };
		6775D4BD2C3D459F00CCD4F6 /* VCInsides.swift in Sources */ = {isa = PBXBuildFile; fileRef = 6775D4BC2C3D459F00CCD4F6 /* VCInsides.swift */; };
		6775D4BF2C3D467500CCD4F6 /* VCStackViewController.swift in Sources */ = {isa = PBXBuildFile; fileRef = 6775D4BE2C3D467500CCD4F6 /* VCStackViewController.swift */; };
		6775D4C22C3D4C8100CCD4F6 /* Transaction.swift in Sources */ = {isa = PBXBuildFile; fileRef = 6775D4C12C3D4C8100CCD4F6 /* Transaction.swift */; };
		6775D4C52C3D77B000CCD4F6 /* DateFromatter + Extension.swift in Sources */ = {isa = PBXBuildFile; fileRef = 6775D4C42C3D77B000CCD4F6 /* DateFromatter + Extension.swift */; };
		6775D4C72C3D88C200CCD4F6 /* Balance.swift in Sources */ = {isa = PBXBuildFile; fileRef = 6775D4C62C3D88C100CCD4F6 /* Balance.swift */; };
		6775D4C92C3D8EBD00CCD4F6 /* Strings.generated.swift in Sources */ = {isa = PBXBuildFile; fileRef = 6775D4C82C3D8EBC00CCD4F6 /* Strings.generated.swift */; };
		6775D4CB2C3D906700CCD4F6 /* Colors.xcassets in Resources */ = {isa = PBXBuildFile; fileRef = 6775D4CA2C3D906700CCD4F6 /* Colors.xcassets */; };
		6775D4CD2C3D90D500CCD4F6 /* Colors.swift in Sources */ = {isa = PBXBuildFile; fileRef = 6775D4CC2C3D90D500CCD4F6 /* Colors.swift */; };
/* End PBXBuildFile section */

/* Begin PBXFileReference section */
		6775D4892C3C310300CCD4F6 /* FinanceTrackerApp.app */ = {isa = PBXFileReference; explicitFileType = wrapper.application; includeInIndex = 0; path = FinanceTrackerApp.app; sourceTree = BUILT_PRODUCTS_DIR; };
		6775D48C2C3C310300CCD4F6 /* AppDelegate.swift */ = {isa = PBXFileReference; lastKnownFileType = sourcecode.swift; path = AppDelegate.swift; sourceTree = "<group>"; };
		6775D48E2C3C310300CCD4F6 /* SceneDelegate.swift */ = {isa = PBXFileReference; lastKnownFileType = sourcecode.swift; path = SceneDelegate.swift; sourceTree = "<group>"; };
		6775D4902C3C310300CCD4F6 /* MainViewController.swift */ = {isa = PBXFileReference; lastKnownFileType = sourcecode.swift; path = MainViewController.swift; sourceTree = "<group>"; };
		6775D4962C3C310300CCD4F6 /* FinanceTrackerApp.xcdatamodel */ = {isa = PBXFileReference; lastKnownFileType = wrapper.xcdatamodel; path = FinanceTrackerApp.xcdatamodel; sourceTree = "<group>"; };
		6775D4982C3C310500CCD4F6 /* Assets.xcassets */ = {isa = PBXFileReference; lastKnownFileType = folder.assetcatalog; path = Assets.xcassets; sourceTree = "<group>"; };
		6775D49B2C3C310500CCD4F6 /* Base */ = {isa = PBXFileReference; lastKnownFileType = file.storyboard; name = Base; path = Base.lproj/LaunchScreen.storyboard; sourceTree = "<group>"; };
		6775D49D2C3C310500CCD4F6 /* Info.plist */ = {isa = PBXFileReference; lastKnownFileType = text.plist.xml; path = Info.plist; sourceTree = "<group>"; };
		6775D4A32C3D332A00CCD4F6 /* AddTransactionViewController.swift */ = {isa = PBXFileReference; lastKnownFileType = sourcecode.swift; path = AddTransactionViewController.swift; sourceTree = "<group>"; };
		6775D4A82C3D33C200CCD4F6 /* AddTransactionViewModel.swift */ = {isa = PBXFileReference; lastKnownFileType = sourcecode.swift; path = AddTransactionViewModel.swift; sourceTree = "<group>"; };
		6775D4AB2C3D33E000CCD4F6 /* MainViewModel.swift */ = {isa = PBXFileReference; lastKnownFileType = sourcecode.swift; path = MainViewModel.swift; sourceTree = "<group>"; };
		6775D4AF2C3D369500CCD4F6 /* TransactionCell.swift */ = {isa = PBXFileReference; lastKnownFileType = sourcecode.swift; path = TransactionCell.swift; sourceTree = "<group>"; };
		6775D4B32C3D39AC00CCD4F6 /* swiftgen.yml */ = {isa = PBXFileReference; lastKnownFileType = text.yaml; path = swiftgen.yml; sourceTree = "<group>"; };
		6775D4B52C3D39DB00CCD4F6 /* Localizable.strings */ = {isa = PBXFileReference; lastKnownFileType = text.plist.strings; path = Localizable.strings; sourceTree = "<group>"; };
		6775D4BC2C3D459F00CCD4F6 /* VCInsides.swift */ = {isa = PBXFileReference; lastKnownFileType = sourcecode.swift; path = VCInsides.swift; sourceTree = "<group>"; };
		6775D4BE2C3D467500CCD4F6 /* VCStackViewController.swift */ = {isa = PBXFileReference; lastKnownFileType = sourcecode.swift; path = VCStackViewController.swift; sourceTree = "<group>"; };
		6775D4C12C3D4C8100CCD4F6 /* Transaction.swift */ = {isa = PBXFileReference; lastKnownFileType = sourcecode.swift; path = Transaction.swift; sourceTree = "<group>"; };
		6775D4C42C3D77B000CCD4F6 /* DateFromatter + Extension.swift */ = {isa = PBXFileReference; lastKnownFileType = sourcecode.swift; path = "DateFromatter + Extension.swift"; sourceTree = "<group>"; };
		6775D4C62C3D88C100CCD4F6 /* Balance.swift */ = {isa = PBXFileReference; lastKnownFileType = sourcecode.swift; path = Balance.swift; sourceTree = "<group>"; };
		6775D4C82C3D8EBC00CCD4F6 /* Strings.generated.swift */ = {isa = PBXFileReference; fileEncoding = 4; lastKnownFileType = sourcecode.swift; path = Strings.generated.swift; sourceTree = "<group>"; };
		6775D4CA2C3D906700CCD4F6 /* Colors.xcassets */ = {isa = PBXFileReference; lastKnownFileType = folder.assetcatalog; path = Colors.xcassets; sourceTree = "<group>"; };
		6775D4CC2C3D90D500CCD4F6 /* Colors.swift */ = {isa = PBXFileReference; fileEncoding = 4; lastKnownFileType = sourcecode.swift; path = Colors.swift; sourceTree = "<group>"; };
/* End PBXFileReference section */

/* Begin PBXFrameworksBuildPhase section */
		6775D4862C3C310200CCD4F6 /* Frameworks */ = {
			isa = PBXFrameworksBuildPhase;
			buildActionMask = 2147483647;
			files = (
			);
			runOnlyForDeploymentPostprocessing = 0;
		};
/* End PBXFrameworksBuildPhase section */

/* Begin PBXGroup section */
		6775D4802C3C310200CCD4F6 = {
			isa = PBXGroup;
			children = (
				6775D48B2C3C310300CCD4F6 /* FinanceTrackerApp */,
				6775D48A2C3C310300CCD4F6 /* Products */,
			);
			sourceTree = "<group>";
		};
		6775D48A2C3C310300CCD4F6 /* Products */ = {
			isa = PBXGroup;
			children = (
				6775D4892C3C310300CCD4F6 /* FinanceTrackerApp.app */,
			);
			name = Products;
			sourceTree = "<group>";
		};
		6775D48B2C3C310300CCD4F6 /* FinanceTrackerApp */ = {
			isa = PBXGroup;
			children = (
				6775D48C2C3C310300CCD4F6 /* AppDelegate.swift */,
				6775D48E2C3C310300CCD4F6 /* SceneDelegate.swift */,
				6775D4C32C3D779C00CCD4F6 /* Extensions */,
				6775D4C02C3D4C7100CCD4F6 /* Models */,
				6775D4B22C3D390900CCD4F6 /* Resources */,
				6775D4AD2C3D341400CCD4F6 /* UIComponents */,
				6775D4A52C3D334B00CCD4F6 /* Modules */,
				6775D4982C3C310500CCD4F6 /* Assets.xcassets */,
				6775D49A2C3C310500CCD4F6 /* LaunchScreen.storyboard */,
				6775D49D2C3C310500CCD4F6 /* Info.plist */,
				6775D4952C3C310300CCD4F6 /* FinanceTrackerApp.xcdatamodeld */,
			);
			path = FinanceTrackerApp;
			sourceTree = "<group>";
		};
		6775D4A52C3D334B00CCD4F6 /* Modules */ = {
			isa = PBXGroup;
			children = (
				6775D4A62C3D338700CCD4F6 /* Main  */,
				6775D4A72C3D33A700CCD4F6 /* Add Transaction */,
			);
			path = Modules;
			sourceTree = "<group>";
		};
		6775D4A62C3D338700CCD4F6 /* Main  */ = {
			isa = PBXGroup;
			children = (
				6775D4902C3C310300CCD4F6 /* MainViewController.swift */,
				6775D4AB2C3D33E000CCD4F6 /* MainViewModel.swift */,
			);
			path = "Main ";
			sourceTree = "<group>";
		};
		6775D4A72C3D33A700CCD4F6 /* Add Transaction */ = {
			isa = PBXGroup;
			children = (
				6775D4A32C3D332A00CCD4F6 /* AddTransactionViewController.swift */,
				6775D4A82C3D33C200CCD4F6 /* AddTransactionViewModel.swift */,
			);
			path = "Add Transaction";
			sourceTree = "<group>";
		};
		6775D4AD2C3D341400CCD4F6 /* UIComponents */ = {
			isa = PBXGroup;
			children = (
				6775D4BB2C3D423300CCD4F6 /* VCComponents */,
				6775D4AF2C3D369500CCD4F6 /* TransactionCell.swift */,
			);
			path = UIComponents;
			sourceTree = "<group>";
		};
		6775D4B22C3D390900CCD4F6 /* Resources */ = {
			isa = PBXGroup;
			children = (
				6775D4CC2C3D90D500CCD4F6 /* Colors.swift */,
				6775D4C82C3D8EBC00CCD4F6 /* Strings.generated.swift */,
				6775D4B32C3D39AC00CCD4F6 /* swiftgen.yml */,
				6775D4B52C3D39DB00CCD4F6 /* Localizable.strings */,
				6775D4CA2C3D906700CCD4F6 /* Colors.xcassets */,
			);
			path = Resources;
			sourceTree = "<group>";
		};
		6775D4BB2C3D423300CCD4F6 /* VCComponents */ = {
			isa = PBXGroup;
			children = (
				6775D4BC2C3D459F00CCD4F6 /* VCInsides.swift */,
				6775D4BE2C3D467500CCD4F6 /* VCStackViewController.swift */,
			);
			path = VCComponents;
			sourceTree = "<group>";
		};
		6775D4C02C3D4C7100CCD4F6 /* Models */ = {
			isa = PBXGroup;
			children = (
				6775D4C12C3D4C8100CCD4F6 /* Transaction.swift */,
				6775D4C62C3D88C100CCD4F6 /* Balance.swift */,
			);
			path = Models;
			sourceTree = "<group>";
		};
		6775D4C32C3D779C00CCD4F6 /* Extensions */ = {
			isa = PBXGroup;
			children = (
				6775D4C42C3D77B000CCD4F6 /* DateFromatter + Extension.swift */,
			);
			path = Extensions;
			sourceTree = "<group>";
		};
/* End PBXGroup section */

/* Begin PBXNativeTarget section */
		6775D4882C3C310200CCD4F6 /* FinanceTrackerApp */ = {
			isa = PBXNativeTarget;
			buildConfigurationList = 6775D4A02C3C310500CCD4F6 /* Build configuration list for PBXNativeTarget "FinanceTrackerApp" */;
			buildPhases = (
				6775D4852C3C310200CCD4F6 /* Sources */,
				6775D4862C3C310200CCD4F6 /* Frameworks */,
				6775D4872C3C310200CCD4F6 /* Resources */,
			);
			buildRules = (
			);
			dependencies = (
			);
			name = FinanceTrackerApp;
			productName = FinanceTrackerApp;
			productReference = 6775D4892C3C310300CCD4F6 /* FinanceTrackerApp.app */;
			productType = "com.apple.product-type.application";
		};
/* End PBXNativeTarget section */

/* Begin PBXProject section */
		6775D4812C3C310200CCD4F6 /* Project object */ = {
			isa = PBXProject;
			attributes = {
				BuildIndependentTargetsInParallel = 1;
				LastSwiftUpdateCheck = 1500;
				LastUpgradeCheck = 1500;
				TargetAttributes = {
					6775D4882C3C310200CCD4F6 = {
						CreatedOnToolsVersion = 15.0.1;
					};
				};
			};
			buildConfigurationList = 6775D4842C3C310200CCD4F6 /* Build configuration list for PBXProject "FinanceTrackerApp" */;
			compatibilityVersion = "Xcode 14.0";
			developmentRegion = en;
			hasScannedForEncodings = 0;
			knownRegions = (
				en,
				Base,
			);
			mainGroup = 6775D4802C3C310200CCD4F6;
			packageReferences = (
				6775D4B12C3D37DA00CCD4F6 /* XCRemoteSwiftPackageReference "SwiftGenPlugin" */,
			);
			productRefGroup = 6775D48A2C3C310300CCD4F6 /* Products */;
			projectDirPath = "";
			projectRoot = "";
			targets = (
				6775D4882C3C310200CCD4F6 /* FinanceTrackerApp */,
			);
		};
/* End PBXProject section */

/* Begin PBXResourcesBuildPhase section */
		6775D4872C3C310200CCD4F6 /* Resources */ = {
			isa = PBXResourcesBuildPhase;
			buildActionMask = 2147483647;
			files = (
				6775D4CB2C3D906700CCD4F6 /* Colors.xcassets in Resources */,
				6775D49C2C3C310500CCD4F6 /* LaunchScreen.storyboard in Resources */,
				6775D4B62C3D39DB00CCD4F6 /* Localizable.strings in Resources */,
				6775D4992C3C310500CCD4F6 /* Assets.xcassets in Resources */,
				6775D4B42C3D39AC00CCD4F6 /* swiftgen.yml in Resources */,
			);
			runOnlyForDeploymentPostprocessing = 0;
		};
/* End PBXResourcesBuildPhase section */

/* Begin PBXSourcesBuildPhase section */
		6775D4852C3C310200CCD4F6 /* Sources */ = {
			isa = PBXSourcesBuildPhase;
			buildActionMask = 2147483647;
			files = (
				6775D4C22C3D4C8100CCD4F6 /* Transaction.swift in Sources */,
				6775D4CD2C3D90D500CCD4F6 /* Colors.swift in Sources */,
				6775D4AC2C3D33E000CCD4F6 /* MainViewModel.swift in Sources */,
				6775D4912C3C310300CCD4F6 /* MainViewController.swift in Sources */,
				6775D4A92C3D33C200CCD4F6 /* AddTransactionViewModel.swift in Sources */,
				6775D4C52C3D77B000CCD4F6 /* DateFromatter + Extension.swift in Sources */,
				6775D4C72C3D88C200CCD4F6 /* Balance.swift in Sources */,
				6775D48D2C3C310300CCD4F6 /* AppDelegate.swift in Sources */,
				6775D4BF2C3D467500CCD4F6 /* VCStackViewController.swift in Sources */,
				6775D4BD2C3D459F00CCD4F6 /* VCInsides.swift in Sources */,
				6775D4A42C3D332A00CCD4F6 /* AddTransactionViewController.swift in Sources */,
				6775D48F2C3C310300CCD4F6 /* SceneDelegate.swift in Sources */,
				6775D4B02C3D369500CCD4F6 /* TransactionCell.swift in Sources */,
				6775D4972C3C310300CCD4F6 /* FinanceTrackerApp.xcdatamodeld in Sources */,
				6775D4C92C3D8EBD00CCD4F6 /* Strings.generated.swift in Sources */,
			);
			runOnlyForDeploymentPostprocessing = 0;
		};
/* End PBXSourcesBuildPhase section */

/* Begin PBXVariantGroup section */
		6775D49A2C3C310500CCD4F6 /* LaunchScreen.storyboard */ = {
			isa = PBXVariantGroup;
			children = (
				6775D49B2C3C310500CCD4F6 /* Base */,
			);
			name = LaunchScreen.storyboard;
			sourceTree = "<group>";
		};
/* End PBXVariantGroup section */

/* Begin XCBuildConfiguration section */
		6775D49E2C3C310500CCD4F6 /* Debug */ = {
			isa = XCBuildConfiguration;
			buildSettings = {
				ALWAYS_SEARCH_USER_PATHS = NO;
				ASSETCATALOG_COMPILER_GENERATE_SWIFT_ASSET_SYMBOL_EXTENSIONS = YES;
				CLANG_ANALYZER_NONNULL = YES;
				CLANG_ANALYZER_NUMBER_OBJECT_CONVERSION = YES_AGGRESSIVE;
				CLANG_CXX_LANGUAGE_STANDARD = "gnu++20";
				CLANG_ENABLE_MODULES = YES;
				CLANG_ENABLE_OBJC_ARC = YES;
				CLANG_ENABLE_OBJC_WEAK = YES;
				CLANG_WARN_BLOCK_CAPTURE_AUTORELEASING = YES;
				CLANG_WARN_BOOL_CONVERSION = YES;
				CLANG_WARN_COMMA = YES;
				CLANG_WARN_CONSTANT_CONVERSION = YES;
				CLANG_WARN_DEPRECATED_OBJC_IMPLEMENTATIONS = YES;
				CLANG_WARN_DIRECT_OBJC_ISA_USAGE = YES_ERROR;
				CLANG_WARN_DOCUMENTATION_COMMENTS = YES;
				CLANG_WARN_EMPTY_BODY = YES;
				CLANG_WARN_ENUM_CONVERSION = YES;
				CLANG_WARN_INFINITE_RECURSION = YES;
				CLANG_WARN_INT_CONVERSION = YES;
				CLANG_WARN_NON_LITERAL_NULL_CONVERSION = YES;
				CLANG_WARN_OBJC_IMPLICIT_RETAIN_SELF = YES;
				CLANG_WARN_OBJC_LITERAL_CONVERSION = YES;
				CLANG_WARN_OBJC_ROOT_CLASS = YES_ERROR;
				CLANG_WARN_QUOTED_INCLUDE_IN_FRAMEWORK_HEADER = YES;
				CLANG_WARN_RANGE_LOOP_ANALYSIS = YES;
				CLANG_WARN_STRICT_PROTOTYPES = YES;
				CLANG_WARN_SUSPICIOUS_MOVE = YES;
				CLANG_WARN_UNGUARDED_AVAILABILITY = YES_AGGRESSIVE;
				CLANG_WARN_UNREACHABLE_CODE = YES;
				CLANG_WARN__DUPLICATE_METHOD_MATCH = YES;
				COPY_PHASE_STRIP = NO;
				DEBUG_INFORMATION_FORMAT = dwarf;
				ENABLE_STRICT_OBJC_MSGSEND = YES;
				ENABLE_TESTABILITY = YES;
				ENABLE_USER_SCRIPT_SANDBOXING = YES;
				GCC_C_LANGUAGE_STANDARD = gnu17;
				GCC_DYNAMIC_NO_PIC = NO;
				GCC_NO_COMMON_BLOCKS = YES;
				GCC_OPTIMIZATION_LEVEL = 0;
				GCC_PREPROCESSOR_DEFINITIONS = (
					"DEBUG=1",
					"$(inherited)",
				);
				GCC_WARN_64_TO_32_BIT_CONVERSION = YES;
				GCC_WARN_ABOUT_RETURN_TYPE = YES_ERROR;
				GCC_WARN_UNDECLARED_SELECTOR = YES;
				GCC_WARN_UNINITIALIZED_AUTOS = YES_AGGRESSIVE;
				GCC_WARN_UNUSED_FUNCTION = YES;
				GCC_WARN_UNUSED_VARIABLE = YES;
				IPHONEOS_DEPLOYMENT_TARGET = 17.0;
				LOCALIZATION_PREFERS_STRING_CATALOGS = YES;
				MTL_ENABLE_DEBUG_INFO = INCLUDE_SOURCE;
				MTL_FAST_MATH = YES;
				ONLY_ACTIVE_ARCH = YES;
				SDKROOT = iphoneos;
				SWIFT_ACTIVE_COMPILATION_CONDITIONS = "DEBUG $(inherited)";
				SWIFT_OPTIMIZATION_LEVEL = "-Onone";
			};
			name = Debug;
		};
		6775D49F2C3C310500CCD4F6 /* Release */ = {
			isa = XCBuildConfiguration;
			buildSettings = {
				ALWAYS_SEARCH_USER_PATHS = NO;
				ASSETCATALOG_COMPILER_GENERATE_SWIFT_ASSET_SYMBOL_EXTENSIONS = YES;
				CLANG_ANALYZER_NONNULL = YES;
				CLANG_ANALYZER_NUMBER_OBJECT_CONVERSION = YES_AGGRESSIVE;
				CLANG_CXX_LANGUAGE_STANDARD = "gnu++20";
				CLANG_ENABLE_MODULES = YES;
				CLANG_ENABLE_OBJC_ARC = YES;
				CLANG_ENABLE_OBJC_WEAK = YES;
				CLANG_WARN_BLOCK_CAPTURE_AUTORELEASING = YES;
				CLANG_WARN_BOOL_CONVERSION = YES;
				CLANG_WARN_COMMA = YES;
				CLANG_WARN_CONSTANT_CONVERSION = YES;
				CLANG_WARN_DEPRECATED_OBJC_IMPLEMENTATIONS = YES;
				CLANG_WARN_DIRECT_OBJC_ISA_USAGE = YES_ERROR;
				CLANG_WARN_DOCUMENTATION_COMMENTS = YES;
				CLANG_WARN_EMPTY_BODY = YES;
				CLANG_WARN_ENUM_CONVERSION = YES;
				CLANG_WARN_INFINITE_RECURSION = YES;
				CLANG_WARN_INT_CONVERSION = YES;
				CLANG_WARN_NON_LITERAL_NULL_CONVERSION = YES;
				CLANG_WARN_OBJC_IMPLICIT_RETAIN_SELF = YES;
				CLANG_WARN_OBJC_LITERAL_CONVERSION = YES;
				CLANG_WARN_OBJC_ROOT_CLASS = YES_ERROR;
				CLANG_WARN_QUOTED_INCLUDE_IN_FRAMEWORK_HEADER = YES;
				CLANG_WARN_RANGE_LOOP_ANALYSIS = YES;
				CLANG_WARN_STRICT_PROTOTYPES = YES;
				CLANG_WARN_SUSPICIOUS_MOVE = YES;
				CLANG_WARN_UNGUARDED_AVAILABILITY = YES_AGGRESSIVE;
				CLANG_WARN_UNREACHABLE_CODE = YES;
				CLANG_WARN__DUPLICATE_METHOD_MATCH = YES;
				COPY_PHASE_STRIP = NO;
				DEBUG_INFORMATION_FORMAT = "dwarf-with-dsym";
				ENABLE_NS_ASSERTIONS = NO;
				ENABLE_STRICT_OBJC_MSGSEND = YES;
				ENABLE_USER_SCRIPT_SANDBOXING = YES;
				GCC_C_LANGUAGE_STANDARD = gnu17;
				GCC_NO_COMMON_BLOCKS = YES;
				GCC_WARN_64_TO_32_BIT_CONVERSION = YES;
				GCC_WARN_ABOUT_RETURN_TYPE = YES_ERROR;
				GCC_WARN_UNDECLARED_SELECTOR = YES;
				GCC_WARN_UNINITIALIZED_AUTOS = YES_AGGRESSIVE;
				GCC_WARN_UNUSED_FUNCTION = YES;
				GCC_WARN_UNUSED_VARIABLE = YES;
				IPHONEOS_DEPLOYMENT_TARGET = 17.0;
				LOCALIZATION_PREFERS_STRING_CATALOGS = YES;
				MTL_ENABLE_DEBUG_INFO = NO;
				MTL_FAST_MATH = YES;
				SDKROOT = iphoneos;
				SWIFT_COMPILATION_MODE = wholemodule;
				VALIDATE_PRODUCT = YES;
			};
			name = Release;
		};
		6775D4A12C3C310500CCD4F6 /* Debug */ = {
			isa = XCBuildConfiguration;
			buildSettings = {
				ASSETCATALOG_COMPILER_APPICON_NAME = AppIcon;
				ASSETCATALOG_COMPILER_GLOBAL_ACCENT_COLOR_NAME = AccentColor;
				CODE_SIGN_STYLE = Automatic;
				CURRENT_PROJECT_VERSION = 1;
				DEVELOPMENT_TEAM = KC5533U8L3;
				GENERATE_INFOPLIST_FILE = YES;
				INFOPLIST_FILE = FinanceTrackerApp/Info.plist;
				INFOPLIST_KEY_UIApplicationSupportsIndirectInputEvents = YES;
				INFOPLIST_KEY_UILaunchStoryboardName = LaunchScreen;
				INFOPLIST_KEY_UISupportedInterfaceOrientations_iPad = "UIInterfaceOrientationPortrait UIInterfaceOrientationPortraitUpsideDown UIInterfaceOrientationLandscapeLeft UIInterfaceOrientationLandscapeRight";
				INFOPLIST_KEY_UISupportedInterfaceOrientations_iPhone = "UIInterfaceOrientationPortrait UIInterfaceOrientationLandscapeLeft UIInterfaceOrientationLandscapeRight";
				LD_RUNPATH_SEARCH_PATHS = (
					"$(inherited)",
					"@executable_path/Frameworks",
				);
				MARKETING_VERSION = 1.0;
				PRODUCT_BUNDLE_IDENTIFIER = nosadvova.FinanceTrackerApp;
				PRODUCT_NAME = "$(TARGET_NAME)";
				SWIFT_EMIT_LOC_STRINGS = YES;
				SWIFT_VERSION = 5.0;
				TARGETED_DEVICE_FAMILY = "1,2";
			};
			name = Debug;
		};
		6775D4A22C3C310500CCD4F6 /* Release */ = {
			isa = XCBuildConfiguration;
			buildSettings = {
				ASSETCATALOG_COMPILER_APPICON_NAME = AppIcon;
				ASSETCATALOG_COMPILER_GLOBAL_ACCENT_COLOR_NAME = AccentColor;
				CODE_SIGN_STYLE = Automatic;
				CURRENT_PROJECT_VERSION = 1;
				DEVELOPMENT_TEAM = KC5533U8L3;
				GENERATE_INFOPLIST_FILE = YES;
				INFOPLIST_FILE = FinanceTrackerApp/Info.plist;
				INFOPLIST_KEY_UIApplicationSupportsIndirectInputEvents = YES;
				INFOPLIST_KEY_UILaunchStoryboardName = LaunchScreen;
				INFOPLIST_KEY_UISupportedInterfaceOrientations_iPad = "UIInterfaceOrientationPortrait UIInterfaceOrientationPortraitUpsideDown UIInterfaceOrientationLandscapeLeft UIInterfaceOrientationLandscapeRight";
				INFOPLIST_KEY_UISupportedInterfaceOrientations_iPhone = "UIInterfaceOrientationPortrait UIInterfaceOrientationLandscapeLeft UIInterfaceOrientationLandscapeRight";
				LD_RUNPATH_SEARCH_PATHS = (
					"$(inherited)",
					"@executable_path/Frameworks",
				);
				MARKETING_VERSION = 1.0;
				PRODUCT_BUNDLE_IDENTIFIER = nosadvova.FinanceTrackerApp;
				PRODUCT_NAME = "$(TARGET_NAME)";
				SWIFT_EMIT_LOC_STRINGS = YES;
				SWIFT_VERSION = 5.0;
				TARGETED_DEVICE_FAMILY = "1,2";
			};
			name = Release;
		};
/* End XCBuildConfiguration section */

/* Begin XCConfigurationList section */
		6775D4842C3C310200CCD4F6 /* Build configuration list for PBXProject "FinanceTrackerApp" */ = {
			isa = XCConfigurationList;
			buildConfigurations = (
				6775D49E2C3C310500CCD4F6 /* Debug */,
				6775D49F2C3C310500CCD4F6 /* Release */,
			);
			defaultConfigurationIsVisible = 0;
			defaultConfigurationName = Release;
		};
		6775D4A02C3C310500CCD4F6 /* Build configuration list for PBXNativeTarget "FinanceTrackerApp" */ = {
			isa = XCConfigurationList;
			buildConfigurations = (
				6775D4A12C3C310500CCD4F6 /* Debug */,
				6775D4A22C3C310500CCD4F6 /* Release */,
			);
			defaultConfigurationIsVisible = 0;
			defaultConfigurationName = Release;
		};
/* End XCConfigurationList section */

/* Begin XCRemoteSwiftPackageReference section */
		6775D4B12C3D37DA00CCD4F6 /* XCRemoteSwiftPackageReference "SwiftGenPlugin" */ = {
			isa = XCRemoteSwiftPackageReference;
			repositoryURL = "https://github.com/SwiftGen/SwiftGenPlugin";
			requirement = {
				kind = upToNextMajorVersion;
				minimumVersion = 6.6.2;
			};
		};
/* End XCRemoteSwiftPackageReference section */

/* Begin XCVersionGroup section */
		6775D4952C3C310300CCD4F6 /* FinanceTrackerApp.xcdatamodeld */ = {
			isa = XCVersionGroup;
			children = (
				6775D4962C3C310300CCD4F6 /* FinanceTrackerApp.xcdatamodel */,
			);
			currentVersion = 6775D4962C3C310300CCD4F6 /* FinanceTrackerApp.xcdatamodel */;
			path = FinanceTrackerApp.xcdatamodeld;
			sourceTree = "<group>";
			versionGroupType = wrapper.xcdatamodel;
		};
/* End XCVersionGroup section */
	};
	rootObject = 6775D4812C3C310200CCD4F6 /* Project object */;
}
